{
  "name": "template",
  "version": "1.0.0",
  "lockfileVersion": 3,
  "requires": true,
  "packages": {
    "": {
      "name": "template",
      "version": "1.0.0",
      "license": "MIT",
      "dependencies": {
        "@gluestack/sdk-creator": "^0.1.1"
      }
    },
    "node_modules/@gluestack/sdk-creator": {
      "version": "0.1.1",
      "resolved": "https://registry.npmjs.org/@gluestack/sdk-creator/-/sdk-creator-0.1.1.tgz",
      "integrity": "sha512-Bdjyr++qokFYd96JNaIjgHsIyQMlL1FR1jQ3rUTwDGw6TvOMnDxE9ohAfDRtVhVBhvqzbDxR4WMxAzWNbYsKOw==",
      "engines": {
        "node": ">=10"
      }
    }
  }
}
